
Microsoft Visual Studio Solution File, Format Version 11.00
# Visual Studio 2010
Project("{FAE04EC0-301F-11D3-BF4B-00C04F79EFBC}") = "C2.Flash", "C2.Flash\C2.Flash.csproj", "{F4BAB464-D0F5-48BA-8F74-723D6FC9BD71}"
EndProject
Global
	GlobalSection(SolutionConfigurationPlatforms) = preSolution
		Debug|Any CPU = Debug|Any CPU
		Debug|Mixed Platforms = Debug|Mixed Platforms
		Debug|Win32 = Debug|Win32
		Release|Any CPU = Release|Any CPU
		Release|Mixed Platforms = Release|Mixed Platforms
		Release|Win32 = Release|Win32
	EndGlobalSection
	GlobalSection(ProjectConfigurationPlatforms) = postSolution
		{F4BAB464-D0F5-48BA-8F74-723D6FC9BD71}.Debug|Any CPU.ActiveCfg = Debug|Any CPU
		{F4BAB464-D0F5-48BA-8F74-723D6FC9BD71}.Debug|Any CPU.Build.0 = Debug|Any CPU
		{F4BAB464-D0F5-48BA-8F74-723D6FC9BD71}.Debug|Mixed Platforms.ActiveCfg = Debug|Any CPU
		{F4BAB464-D0F5-48BA-8F74-723D6FC9BD71}.Debug|Mixed Platforms.Build.0 = Debug|Any CPU
		{F4BAB464-D0F5-48BA-8F74-723D6FC9BD71}.Debug|Win32.ActiveCfg = Debug|Any CPU
		{F4BAB464-D0F5-48BA-8F74-723D6FC9BD71}.Release|Any CPU.ActiveCfg = Release|Any CPU
		{F4BAB464-D0F5-48BA-8F74-723D6FC9BD71}.Release|Any CPU.Build.0 = Release|Any CPU
		{F4BAB464-D0F5-48BA-8F74-723D6FC9BD71}.Release|Mixed Platforms.ActiveCfg = Release|Any CPU
		{F4BAB464-D0F5-48BA-8F74-723D6FC9BD71}.Release|Mixed Platforms.Build.0 = Release|Any CPU
		{F4BAB464-D0F5-48BA-8F74-723D6FC9BD71}.Release|Win32.ActiveCfg = Release|Any CPU
	EndGlobalSection
	GlobalSection(SolutionProperties) = preSolution
		HideSolutionNode = FALSE
	EndGlobalSection
EndGlobal
